{
  "name": "pioneer-midi",
  "version": "1.0.0",
  "lockfileVersion": 2,
  "requires": true,
  "packages": {
    "": {
      "version": "1.0.0",
      "license": "ISC",
      "dependencies": {
        "easymidi": "^2.0.1"
      }
    },
    "node_modules/bindings": {
      "version": "1.5.0",
      "resolved": "https://registry.npmjs.org/bindings/-/bindings-1.5.0.tgz",
      "integrity": "sha512-p2q/t/mhvuOj/UeLlV6566GD/guowlr0hHxClI0W9m7MWYkL1F0hLo+0Aexs9HSPCtR1SXQ0TD3MMKrXZajbiQ==",
      "dependencies": {
        "file-uri-to-path": "1.0.0"
      }
    },
    "node_modules/easymidi": {
      "version": "2.0.1",
      "resolved": "https://registry.npmjs.org/easymidi/-/easymidi-2.0.1.tgz",
      "integrity": "sha512-M1tMX5/AI3zHb1phzINCLVWfivD2DP+fawMpSUdi69ElyTZ+E4EBeHlwaPMT01uWz8W9ncfvMIb4HP/LUWjBbg==",
      "dependencies": {
        "midi": "^1.0.0"
      }
    },
    "node_modules/file-uri-to-path": {
      "version": "1.0.0",
      "resolved": "https://registry.npmjs.org/file-uri-to-path/-/file-uri-to-path-1.0.0.tgz",
      "integrity": "sha512-0Zt+s3L7Vf1biwWZ29aARiVYLx7iMGnEUl9x33fbB/j3jR81u/O2LbqK+Bm1CDSNDKVtJ/YjwY7TUd5SkeLQLw=="
    },
    "node_modules/midi": {
      "version": "1.0.0",
      "resolved": "https://registry.npmjs.org/midi/-/midi-1.0.0.tgz",
      "integrity": "sha512-BL2xedtLEy2ExJujuvQQNs5Gz1aXv7/wpq3KKZ7FmmTvVfR3eC+OgiwtC+4+9IinsXfQnTNSOBrG2PAjMHi0ZQ==",
      "hasInstallScript": true,
      "dependencies": {
        "bindings": "~1.5.0",
        "nan": "^2.3.3"
      },
      "engines": {
        "node": ">=0.8.0"
      }
    },
    "node_modules/nan": {
      "version": "2.14.2",
      "resolved": "https://registry.npmjs.org/nan/-/nan-2.14.2.tgz",
      "integrity": "sha512-M2ufzIiINKCuDfBSAUr1vWQ+vuVcA9kqx8JJUsbQi6yf1uGRyb7HfpdfUr5qLXf3B/t8dPvcjhKMmlfnP47EzQ=="
    }
  },
  "dependencies": {
    "bindings": {
      "version": "1.5.0",
      "resolved": "https://registry.npmjs.org/bindings/-/bindings-1.5.0.tgz",
      "integrity": "sha512-p2q/t/mhvuOj/UeLlV6566GD/guowlr0hHxClI0W9m7MWYkL1F0hLo+0Aexs9HSPCtR1SXQ0TD3MMKrXZajbiQ==",
      "requires": {
        "file-uri-to-path": "1.0.0"
      }
    },
    "easymidi": {
      "version": "2.0.1",
      "resolved": "https://registry.npmjs.org/easymidi/-/easymidi-2.0.1.tgz",
      "integrity": "sha512-M1tMX5/AI3zHb1phzINCLVWfivD2DP+fawMpSUdi69ElyTZ+E4EBeHlwaPMT01uWz8W9ncfvMIb4HP/LUWjBbg==",
      "requires": {
        "midi": "^1.0.0"
      }
    },
    "file-uri-to-path": {
      "version": "1.0.0",
      "resolved": "https://registry.npmjs.org/file-uri-to-path/-/file-uri-to-path-1.0.0.tgz",
      "integrity": "sha512-0Zt+s3L7Vf1biwWZ29aARiVYLx7iMGnEUl9x33fbB/j3jR81u/O2LbqK+Bm1CDSNDKVtJ/YjwY7TUd5SkeLQLw=="
    },
    "midi": {
      "version": "1.0.0",
      "resolved": "https://registry.npmjs.org/midi/-/midi-1.0.0.tgz",
      "integrity": "sha512-BL2xedtLEy2ExJujuvQQNs5Gz1aXv7/wpq3KKZ7FmmTvVfR3eC+OgiwtC+4+9IinsXfQnTNSOBrG2PAjMHi0ZQ==",
      "requires": {
        "bindings": "~1.5.0",
        "nan": "^2.3.3"
      }
    },
    "nan": {
      "version": "2.14.2",
      "resolved": "https://registry.npmjs.org/nan/-/nan-2.14.2.tgz",
      "integrity": "sha512-M2ufzIiINKCuDfBSAUr1vWQ+vuVcA9kqx8JJUsbQi6yf1uGRyb7HfpdfUr5qLXf3B/t8dPvcjhKMmlfnP47EzQ=="
    }
  }
}
